{
  "pins" : [
    {
      "identity" : "bottomsheet",
      "kind" : "remoteSourceControl",
      "location" : "https://github.com/joomcode/BottomSheet",
      "state" : {
        "revision" : "2397f22fa1828169dbb233a9ad9d83ed72b6a236",
        "version" : "2.0.1"
      }
    }
  ],
  "version" : 2
}
